
Microsoft Visual Studio Solution File, Format Version 12.00
# Visual Studio Version 17
VisualStudioVersion = 17.8.34316.72
MinimumVisualStudioVersion = 10.0.40219.1
Project("{FAE04EC0-301F-11D3-BF4B-00C04F79EFBC}") = "App", "App\App.csproj", "{911EDFC4-F8AA-4413-AB2D-57F45B1A79C9}"
EndProject
Project("{FAE04EC0-301F-11D3-BF4B-00C04F79EFBC}") = "UnitTest", "UnitTest\UnitTest.csproj", "{05ADB745-6D84-4E88-A90C-98DEBDABB686}"
EndProject
Global
	GlobalSection(SolutionConfigurationPlatforms) = preSolution
		Debug|Any CPU = Debug|Any CPU
		Release|Any CPU = Release|Any CPU
	EndGlobalSection
	GlobalSection(ProjectConfigurationPlatforms) = postSolution
		{911EDFC4-F8AA-4413-AB2D-57F45B1A79C9}.Debug|Any CPU.ActiveCfg = Debug|Any CPU
		{911EDFC4-F8AA-4413-AB2D-57F45B1A79C9}.Debug|Any CPU.Build.0 = Debug|Any CPU
		{911EDFC4-F8AA-4413-AB2D-57F45B1A79C9}.Release|Any CPU.ActiveCfg = Release|Any CPU
		{911EDFC4-F8AA-4413-AB2D-57F45B1A79C9}.Release|Any CPU.Build.0 = Release|Any CPU
		{05ADB745-6D84-4E88-A90C-98DEBDABB686}.Debug|Any CPU.ActiveCfg = Debug|Any CPU
		{05ADB745-6D84-4E88-A90C-98DEBDABB686}.Debug|Any CPU.Build.0 = Debug|Any CPU
		{05ADB745-6D84-4E88-A90C-98DEBDABB686}.Release|Any CPU.ActiveCfg = Release|Any CPU
		{05ADB745-6D84-4E88-A90C-98DEBDABB686}.Release|Any CPU.Build.0 = Release|Any CPU
	EndGlobalSection
	GlobalSection(SolutionProperties) = preSolution
		HideSolutionNode = FALSE
	EndGlobalSection
	GlobalSection(ExtensibilityGlobals) = postSolution
		SolutionGuid = {ECE6F7AD-EEF8-45D2-93CB-04BAB0B05552}
	EndGlobalSection
EndGlobal
